
Microsoft Visual Studio Solution File, Format Version 12.00
# Visual Studio 15
VisualStudioVersion = 15.0.28010.2003
MinimumVisualStudioVersion = 10.0.40219.1
Project("{FAE04EC0-301F-11D3-BF4B-00C04F79EFBC}") = "WindowsFormsApp7", "WindowsFormsApp7\WindowsFormsApp7.csproj", "{D5B32277-F8D9-4582-B8CF-0B160AD79E53}"
EndProject
Global
	GlobalSection(SolutionConfigurationPlatforms) = preSolution
		Debug|Any CPU = Debug|Any CPU
		Release|Any CPU = Release|Any CPU
	EndGlobalSection
	GlobalSection(ProjectConfigurationPlatforms) = postSolution
		{D5B32277-F8D9-4582-B8CF-0B160AD79E53}.Debug|Any CPU.ActiveCfg = Debug|Any CPU
		{D5B32277-F8D9-4582-B8CF-0B160AD79E53}.Debug|Any CPU.Build.0 = Debug|Any CPU
		{D5B32277-F8D9-4582-B8CF-0B160AD79E53}.Release|Any CPU.ActiveCfg = Release|Any CPU
		{D5B32277-F8D9-4582-B8CF-0B160AD79E53}.Release|Any CPU.Build.0 = Release|Any CPU
	EndGlobalSection
	GlobalSection(SolutionProperties) = preSolution
		HideSolutionNode = FALSE
	EndGlobalSection
	GlobalSection(ExtensibilityGlobals) = postSolution
		SolutionGuid = {2B89980C-D9F8-4A47-8B78-18917EA6535F}
	EndGlobalSection
EndGlobal
